// !$*UTF8*$!
{
	archiveVersion = 1;
	classes = {
	};
	objectVersion = 46;
	objects = {

/* Begin PBXBuildFile section */
		113E22FC1EEE769F00A66F32 /* NSObject+DLIntrospection.m in Sources */ = {isa = PBXBuildFile; fileRef = 113E22FB1EEE74E800A66F32 /* NSObject+DLIntrospection.m */; };
		116331A91EEA6AC50070B300 /* main.m in Sources */ = {isa = PBXBuildFile; fileRef = 116331A81EEA6AC50070B300 /* main.m */; };
		119860211EED327E005407F4 /* HMTestClass.m in Sources */ = {isa = PBXBuildFile; fileRef = 119860201EED327E005407F4 /* HMTestClass.m */; };
/* End PBXBuildFile section */

/* Begin PBXCopyFilesBuildPhase section */
		116331A31EEA6AC50070B300 /* CopyFiles */ = {
			isa = PBXCopyFilesBuildPhase;
			buildActionMask = 2147483647;
			dstPath = /usr/share/man/man1/;
			dstSubfolderSpec = 0;
			files = (
			);
			runOnlyForDeploymentPostprocessing = 1;
		};
/* End PBXCopyFilesBuildPhase section */

/* Begin PBXFileReference section */
		113E22FA1EEE74E800A66F32 /* NSObject+DLIntrospection.h */ = {isa = PBXFileReference; lastKnownFileType = sourcecode.c.h; path = "NSObject+DLIntrospection.h"; sourceTree = "<group>"; };
		113E22FB1EEE74E800A66F32 /* NSObject+DLIntrospection.m */ = {isa = PBXFileReference; lastKnownFileType = sourcecode.c.objc; path = "NSObject+DLIntrospection.m"; sourceTree = "<group>"; };
		116331A51EEA6AC50070B300 /* TempOCTest */ = {isa = PBXFileReference; explicitFileType = "compiled.mach-o.executable"; includeInIndex = 0; path = TempOCTest; sourceTree = BUILT_PRODUCTS_DIR; };
		116331A81EEA6AC50070B300 /* main.m */ = {isa = PBXFileReference; lastKnownFileType = sourcecode.c.objc; path = main.m; sourceTree = "<group>"; };
		1198601F1EED327E005407F4 /* HMTestClass.h */ = {isa = PBXFileReference; fileEncoding = 4; lastKnownFileType = sourcecode.c.h; path = HMTestClass.h; sourceTree = "<group>"; };
		119860201EED327E005407F4 /* HMTestClass.m */ = {isa = PBXFileReference; fileEncoding = 4; lastKnownFileType = sourcecode.c.objc; path = HMTestClass.m; sourceTree = "<group>"; };
/* End PBXFileReference section */

/* Begin PBXFrameworksBuildPhase section */
		116331A21EEA6AC50070B300 /* Frameworks */ = {
			isa = PBXFrameworksBuildPhase;
			buildActionMask = 2147483647;
			files = (
			);
			runOnlyForDeploymentPostprocessing = 0;
		};
/* End PBXFrameworksBuildPhase section */

/* Begin PBXGroup section */
		113E22F91EEE74E800A66F32 /* DLIntrospection */ = {
			isa = PBXGroup;
			children = (
				113E22FA1EEE74E800A66F32 /* NSObject+DLIntrospection.h */,
				113E22FB1EEE74E800A66F32 /* NSObject+DLIntrospection.m */,
			);
			path = DLIntrospection;
			sourceTree = "<group>";
		};
		1163319C1EEA6AC50070B300 = {
			isa = PBXGroup;
			children = (
				116331A71EEA6AC50070B300 /* TempOCTest */,
				116331A61EEA6AC50070B300 /* Products */,
			);
			sourceTree = "<group>";
		};
		116331A61EEA6AC50070B300 /* Products */ = {
			isa = PBXGroup;
			children = (
				116331A51EEA6AC50070B300 /* TempOCTest */,
			);
			name = Products;
			sourceTree = "<group>";
		};
		116331A71EEA6AC50070B300 /* TempOCTest */ = {
			isa = PBXGroup;
			children = (
				113E22F91EEE74E800A66F32 /* DLIntrospection */,
				1198601F1EED327E005407F4 /* HMTestClass.h */,
				119860201EED327E005407F4 /* HMTestClass.m */,
				116331A81EEA6AC50070B300 /* main.m */,
			);
			path = TempOCTest;
			sourceTree = "<group>";
		};
/* End PBXGroup section */

/* Begin PBXNativeTarget section */
		116331A41EEA6AC50070B300 /* TempOCTest */ = {
			isa = PBXNativeTarget;
			buildConfigurationList = 116331AC1EEA6AC50070B300 /* Build configuration list for PBXNativeTarget "TempOCTest" */;
			buildPhases = (
				116331A11EEA6AC50070B300 /* Sources */,
				116331A21EEA6AC50070B300 /* Frameworks */,
				116331A31EEA6AC50070B300 /* CopyFiles */,
			);
			buildRules = (
			);
			dependencies = (
			);
			name = TempOCTest;
			productName = TempOCTest;
			productReference = 116331A51EEA6AC50070B300 /* TempOCTest */;
			productType = "com.apple.product-type.tool";
		};
/* End PBXNativeTarget section */

/* Begin PBXProject section */
		1163319D1EEA6AC50070B300 /* Project object */ = {
			isa = PBXProject;
			attributes = {
				LastUpgradeCheck = 0830;
				ORGANIZATIONNAME = JZ_Stone;
				TargetAttributes = {
					116331A41EEA6AC50070B300 = {
						CreatedOnToolsVersion = 8.3.3;
						ProvisioningStyle = Automatic;
					};
				};
			};
			buildConfigurationList = 116331A01EEA6AC50070B300 /* Build configuration list for PBXProject "TempOCTest" */;
			compatibilityVersion = "Xcode 3.2";
			developmentRegion = English;
			hasScannedForEncodings = 0;
			knownRegions = (
				en,
			);
			mainGroup = 1163319C1EEA6AC50070B300;
			productRefGroup = 116331A61EEA6AC50070B300 /* Products */;
			projectDirPath = "";
			projectRoot = "";
			targets = (
				116331A41EEA6AC50070B300 /* TempOCTest */,
			);
		};
/* End PBXProject section */

/* Begin PBXSourcesBuildPhase section */
		116331A11EEA6AC50070B300 /* Sources */ = {
			isa = PBXSourcesBuildPhase;
			buildActionMask = 2147483647;
			files = (
				113E22FC1EEE769F00A66F32 /* NSObject+DLIntrospection.m in Sources */,
				119860211EED327E005407F4 /* HMTestClass.m in Sources */,
				116331A91EEA6AC50070B300 /* main.m in Sources */,
			);
			runOnlyForDeploymentPostprocessing = 0;
		};
/* End PBXSourcesBuildPhase section */

/* Begin XCBuildConfiguration section */
		116331AA1EEA6AC50070B300 /* Debug */ = {
			isa = XCBuildConfiguration;
			buildSettings = {
				ALWAYS_SEARCH_USER_PATHS = NO;
				CLANG_ANALYZER_NONNULL = YES;
				CLANG_ANALYZER_NUMBER_OBJECT_CONVERSION = YES_AGGRESSIVE;
				CLANG_CXX_LANGUAGE_STANDARD = "gnu++0x";
				CLANG_CXX_LIBRARY = "libc++";
				CLANG_ENABLE_MODULES = YES;
				CLANG_ENABLE_OBJC_ARC = YES;
				CLANG_WARN_BOOL_CONVERSION = YES;
				CLANG_WARN_CONSTANT_CONVERSION = YES;
				CLANG_WARN_DIRECT_OBJC_ISA_USAGE = YES_ERROR;
				CLANG_WARN_DOCUMENTATION_COMMENTS = YES;
				CLANG_WARN_EMPTY_BODY = YES;
				CLANG_WARN_ENUM_CONVERSION = YES;
				CLANG_WARN_INFINITE_RECURSION = YES;
				CLANG_WARN_INT_CONVERSION = YES;
				CLANG_WARN_OBJC_ROOT_CLASS = YES_ERROR;
				CLANG_WARN_SUSPICIOUS_MOVE = YES;
				CLANG_WARN_UNREACHABLE_CODE = YES;
				CLANG_WARN__DUPLICATE_METHOD_MATCH = YES;
				CODE_SIGN_IDENTITY = "-";
				COPY_PHASE_STRIP = NO;
				DEBUG_INFORMATION_FORMAT = dwarf;
				ENABLE_STRICT_OBJC_MSGSEND = YES;
				ENABLE_TESTABILITY = YES;
				GCC_C_LANGUAGE_STANDARD = gnu99;
				GCC_DYNAMIC_NO_PIC = NO;
				GCC_NO_COMMON_BLOCKS = YES;
				GCC_OPTIMIZATION_LEVEL = 0;
				GCC_PREPROCESSOR_DEFINITIONS = (
					"DEBUG=1",
					"$(inherited)",
				);
				GCC_WARN_64_TO_32_BIT_CONVERSION = YES;
				GCC_WARN_ABOUT_RETURN_TYPE = YES_ERROR;
				GCC_WARN_UNDECLARED_SELECTOR = YES;
				GCC_WARN_UNINITIALIZED_AUTOS = YES_AGGRESSIVE;
				GCC_WARN_UNUSED_FUNCTION = YES;
				GCC_WARN_UNUSED_VARIABLE = YES;
				MACOSX_DEPLOYMENT_TARGET = 10.12;
				MTL_ENABLE_DEBUG_INFO = YES;
				ONLY_ACTIVE_ARCH = YES;
				SDKROOT = macosx;
			};
			name = Debug;
		};
		116331AB1EEA6AC50070B300 /* Release */ = {
			isa = XCBuildConfiguration;
			buildSettings = {
				ALWAYS_SEARCH_USER_PATHS = NO;
				CLANG_ANALYZER_NONNULL = YES;
				CLANG_ANALYZER_NUMBER_OBJECT_CONVERSION = YES_AGGRESSIVE;
				CLANG_CXX_LANGUAGE_STANDARD = "gnu++0x";
				CLANG_CXX_LIBRARY = "libc++";
				CLANG_ENABLE_MODULES = YES;
				CLANG_ENABLE_OBJC_ARC = YES;
				CLANG_WARN_BOOL_CONVERSION = YES;
				CLANG_WARN_CONSTANT_CONVERSION = YES;
				CLANG_WARN_DIRECT_OBJC_ISA_USAGE = YES_ERROR;
				CLANG_WARN_DOCUMENTATION_COMMENTS = YES;
				CLANG_WARN_EMPTY_BODY = YES;
				CLANG_WARN_ENUM_CONVERSION = YES;
				CLANG_WARN_INFINITE_RECURSION = YES;
				CLANG_WARN_INT_CONVERSION = YES;
				CLANG_WARN_OBJC_ROOT_CLASS = YES_ERROR;
				CLANG_WARN_SUSPICIOUS_MOVE = YES;
				CLANG_WARN_UNREACHABLE_CODE = YES;
				CLANG_WARN__DUPLICATE_METHOD_MATCH = YES;
				CODE_SIGN_IDENTITY = "-";
				COPY_PHASE_STRIP = NO;
				DEBUG_INFORMATION_FORMAT = "dwarf-with-dsym";
				ENABLE_NS_ASSERTIONS = NO;
				ENABLE_STRICT_OBJC_MSGSEND = YES;
				GCC_C_LANGUAGE_STANDARD = gnu99;
				GCC_NO_COMMON_BLOCKS = YES;
				GCC_WARN_64_TO_32_BIT_CONVERSION = YES;
				GCC_WARN_ABOUT_RETURN_TYPE = YES_ERROR;
				GCC_WARN_UNDECLARED_SELECTOR = YES;
				GCC_WARN_UNINITIALIZED_AUTOS = YES_AGGRESSIVE;
				GCC_WARN_UNUSED_FUNCTION = YES;
				GCC_WARN_UNUSED_VARIABLE = YES;
				MACOSX_DEPLOYMENT_TARGET = 10.12;
				MTL_ENABLE_DEBUG_INFO = NO;
				SDKROOT = macosx;
			};
			name = Release;
		};
		116331AD1EEA6AC50070B300 /* Debug */ = {
			isa = XCBuildConfiguration;
			buildSettings = {
				PRODUCT_NAME = "$(TARGET_NAME)";
			};
			name = Debug;
		};
		116331AE1EEA6AC50070B300 /* Release */ = {
			isa = XCBuildConfiguration;
			buildSettings = {
				PRODUCT_NAME = "$(TARGET_NAME)";
			};
			name = Release;
		};
/* End XCBuildConfiguration section */

/* Begin XCConfigurationList section */
		116331A01EEA6AC50070B300 /* Build configuration list for PBXProject "TempOCTest" */ = {
			isa = XCConfigurationList;
			buildConfigurations = (
				116331AA1EEA6AC50070B300 /* Debug */,
				116331AB1EEA6AC50070B300 /* Release */,
			);
			defaultConfigurationIsVisible = 0;
			defaultConfigurationName = Release;
		};
		116331AC1EEA6AC50070B300 /* Build configuration list for PBXNativeTarget "TempOCTest" */ = {
			isa = XCConfigurationList;
			buildConfigurations = (
				116331AD1EEA6AC50070B300 /* Debug */,
				116331AE1EEA6AC50070B300 /* Release */,
			);
			defaultConfigurationIsVisible = 0;
			defaultConfigurationName = Release;
		};
/* End XCConfigurationList section */
	};
	rootObject = 1163319D1EEA6AC50070B300 /* Project object */;
}
