// !$*UTF8*$!
{
	archiveVersion = 1;
	classes = {
	};
	objectVersion = 46;
	objects = {

/* Begin PBXBuildFile section */
		114425181EEC2958007C261A /* main.m in Sources */ = {isa = PBXBuildFile; fileRef = 114425171EEC2958007C261A /* main.m */; };
		1144251B1EEC2958007C261A /* AppDelegate.m in Sources */ = {isa = PBXBuildFile; fileRef = 1144251A1EEC2958007C261A /* AppDelegate.m */; };
		1144251E1EEC2958007C261A /* ViewController.m in Sources */ = {isa = PBXBuildFile; fileRef = 1144251D1EEC2958007C261A /* ViewController.m */; };
		114425211EEC2958007C261A /* Main.storyboard in Resources */ = {isa = PBXBuildFile; fileRef = 1144251F1EEC2958007C261A /* Main.storyboard */; };
		114425231EEC2958007C261A /* Assets.xcassets in Resources */ = {isa = PBXBuildFile; fileRef = 114425221EEC2958007C261A /* Assets.xcassets */; };
		114425261EEC2958007C261A /* LaunchScreen.storyboard in Resources */ = {isa = PBXBuildFile; fileRef = 114425241EEC2958007C261A /* LaunchScreen.storyboard */; };
		1144252F1EEC296A007C261A /* JavaScriptCore.framework in Frameworks */ = {isa = PBXBuildFile; fileRef = 1144252E1EEC296A007C261A /* JavaScriptCore.framework */; };
/* End PBXBuildFile section */

/* Begin PBXFileReference section */
		114425131EEC2958007C261A /* JavaScriptCoreTest.app */ = {isa = PBXFileReference; explicitFileType = wrapper.application; includeInIndex = 0; path = JavaScriptCoreTest.app; sourceTree = BUILT_PRODUCTS_DIR; };
		114425171EEC2958007C261A /* main.m */ = {isa = PBXFileReference; lastKnownFileType = sourcecode.c.objc; path = main.m; sourceTree = "<group>"; };
		114425191EEC2958007C261A /* AppDelegate.h */ = {isa = PBXFileReference; lastKnownFileType = sourcecode.c.h; path = AppDelegate.h; sourceTree = "<group>"; };
		1144251A1EEC2958007C261A /* AppDelegate.m */ = {isa = PBXFileReference; lastKnownFileType = sourcecode.c.objc; path = AppDelegate.m; sourceTree = "<group>"; };
		1144251C1EEC2958007C261A /* ViewController.h */ = {isa = PBXFileReference; lastKnownFileType = sourcecode.c.h; path = ViewController.h; sourceTree = "<group>"; };
		1144251D1EEC2958007C261A /* ViewController.m */ = {isa = PBXFileReference; lastKnownFileType = sourcecode.c.objc; path = ViewController.m; sourceTree = "<group>"; };
		114425201EEC2958007C261A /* Base */ = {isa = PBXFileReference; lastKnownFileType = file.storyboard; name = Base; path = Base.lproj/Main.storyboard; sourceTree = "<group>"; };
		114425221EEC2958007C261A /* Assets.xcassets */ = {isa = PBXFileReference; lastKnownFileType = folder.assetcatalog; path = Assets.xcassets; sourceTree = "<group>"; };
		114425251EEC2958007C261A /* Base */ = {isa = PBXFileReference; lastKnownFileType = file.storyboard; name = Base; path = Base.lproj/LaunchScreen.storyboard; sourceTree = "<group>"; };
		114425271EEC2958007C261A /* Info.plist */ = {isa = PBXFileReference; lastKnownFileType = text.plist.xml; path = Info.plist; sourceTree = "<group>"; };
		1144252E1EEC296A007C261A /* JavaScriptCore.framework */ = {isa = PBXFileReference; lastKnownFileType = wrapper.framework; name = JavaScriptCore.framework; path = System/Library/Frameworks/JavaScriptCore.framework; sourceTree = SDKROOT; };
/* End PBXFileReference section */

/* Begin PBXFrameworksBuildPhase section */
		114425101EEC2958007C261A /* Frameworks */ = {
			isa = PBXFrameworksBuildPhase;
			buildActionMask = 2147483647;
			files = (
				1144252F1EEC296A007C261A /* JavaScriptCore.framework in Frameworks */,
			);
			runOnlyForDeploymentPostprocessing = 0;
		};
/* End PBXFrameworksBuildPhase section */

/* Begin PBXGroup section */
		1144250A1EEC2958007C261A = {
			isa = PBXGroup;
			children = (
				114425151EEC2958007C261A /* JavaScriptCoreTest */,
				114425141EEC2958007C261A /* Products */,
				1144252D1EEC296A007C261A /* Frameworks */,
			);
			sourceTree = "<group>";
		};
		114425141EEC2958007C261A /* Products */ = {
			isa = PBXGroup;
			children = (
				114425131EEC2958007C261A /* JavaScriptCoreTest.app */,
			);
			name = Products;
			sourceTree = "<group>";
		};
		114425151EEC2958007C261A /* JavaScriptCoreTest */ = {
			isa = PBXGroup;
			children = (
				114425191EEC2958007C261A /* AppDelegate.h */,
				1144251A1EEC2958007C261A /* AppDelegate.m */,
				1144251C1EEC2958007C261A /* ViewController.h */,
				1144251D1EEC2958007C261A /* ViewController.m */,
				1144251F1EEC2958007C261A /* Main.storyboard */,
				114425221EEC2958007C261A /* Assets.xcassets */,
				114425241EEC2958007C261A /* LaunchScreen.storyboard */,
				114425271EEC2958007C261A /* Info.plist */,
				114425161EEC2958007C261A /* Supporting Files */,
			);
			path = JavaScriptCoreTest;
			sourceTree = "<group>";
		};
		114425161EEC2958007C261A /* Supporting Files */ = {
			isa = PBXGroup;
			children = (
				114425171EEC2958007C261A /* main.m */,
			);
			name = "Supporting Files";
			sourceTree = "<group>";
		};
		1144252D1EEC296A007C261A /* Frameworks */ = {
			isa = PBXGroup;
			children = (
				1144252E1EEC296A007C261A /* JavaScriptCore.framework */,
			);
			name = Frameworks;
			sourceTree = "<group>";
		};
/* End PBXGroup section */

/* Begin PBXNativeTarget section */
		114425121EEC2958007C261A /* JavaScriptCoreTest */ = {
			isa = PBXNativeTarget;
			buildConfigurationList = 1144252A1EEC2958007C261A /* Build configuration list for PBXNativeTarget "JavaScriptCoreTest" */;
			buildPhases = (
				1144250F1EEC2958007C261A /* Sources */,
				114425101EEC2958007C261A /* Frameworks */,
				114425111EEC2958007C261A /* Resources */,
			);
			buildRules = (
			);
			dependencies = (
			);
			name = JavaScriptCoreTest;
			productName = JavaScriptCoreTest;
			productReference = 114425131EEC2958007C261A /* JavaScriptCoreTest.app */;
			productType = "com.apple.product-type.application";
		};
/* End PBXNativeTarget section */

/* Begin PBXProject section */
		1144250B1EEC2958007C261A /* Project object */ = {
			isa = PBXProject;
			attributes = {
				LastUpgradeCheck = 0830;
				ORGANIZATIONNAME = JZ_Stone;
				TargetAttributes = {
					114425121EEC2958007C261A = {
						CreatedOnToolsVersion = 8.3.3;
						ProvisioningStyle = Automatic;
					};
				};
			};
			buildConfigurationList = 1144250E1EEC2958007C261A /* Build configuration list for PBXProject "JavaScriptCoreTest" */;
			compatibilityVersion = "Xcode 3.2";
			developmentRegion = English;
			hasScannedForEncodings = 0;
			knownRegions = (
				en,
				Base,
			);
			mainGroup = 1144250A1EEC2958007C261A;
			productRefGroup = 114425141EEC2958007C261A /* Products */;
			projectDirPath = "";
			projectRoot = "";
			targets = (
				114425121EEC2958007C261A /* JavaScriptCoreTest */,
			);
		};
/* End PBXProject section */

/* Begin PBXResourcesBuildPhase section */
		114425111EEC2958007C261A /* Resources */ = {
			isa = PBXResourcesBuildPhase;
			buildActionMask = 2147483647;
			files = (
				114425261EEC2958007C261A /* LaunchScreen.storyboard in Resources */,
				114425231EEC2958007C261A /* Assets.xcassets in Resources */,
				114425211EEC2958007C261A /* Main.storyboard in Resources */,
			);
			runOnlyForDeploymentPostprocessing = 0;
		};
/* End PBXResourcesBuildPhase section */

/* Begin PBXSourcesBuildPhase section */
		1144250F1EEC2958007C261A /* Sources */ = {
			isa = PBXSourcesBuildPhase;
			buildActionMask = 2147483647;
			files = (
				1144251E1EEC2958007C261A /* ViewController.m in Sources */,
				1144251B1EEC2958007C261A /* AppDelegate.m in Sources */,
				114425181EEC2958007C261A /* main.m in Sources */,
			);
			runOnlyForDeploymentPostprocessing = 0;
		};
/* End PBXSourcesBuildPhase section */

/* Begin PBXVariantGroup section */
		1144251F1EEC2958007C261A /* Main.storyboard */ = {
			isa = PBXVariantGroup;
			children = (
				114425201EEC2958007C261A /* Base */,
			);
			name = Main.storyboard;
			sourceTree = "<group>";
		};
		114425241EEC2958007C261A /* LaunchScreen.storyboard */ = {
			isa = PBXVariantGroup;
			children = (
				114425251EEC2958007C261A /* Base */,
			);
			name = LaunchScreen.storyboard;
			sourceTree = "<group>";
		};
/* End PBXVariantGroup section */

/* Begin XCBuildConfiguration section */
		114425281EEC2958007C261A /* Debug */ = {
			isa = XCBuildConfiguration;
			buildSettings = {
				ALWAYS_SEARCH_USER_PATHS = NO;
				CLANG_ANALYZER_NONNULL = YES;
				CLANG_ANALYZER_NUMBER_OBJECT_CONVERSION = YES_AGGRESSIVE;
				CLANG_CXX_LANGUAGE_STANDARD = "gnu++0x";
				CLANG_CXX_LIBRARY = "libc++";
				CLANG_ENABLE_MODULES = YES;
				CLANG_ENABLE_OBJC_ARC = YES;
				CLANG_WARN_BOOL_CONVERSION = YES;
				CLANG_WARN_CONSTANT_CONVERSION = YES;
				CLANG_WARN_DIRECT_OBJC_ISA_USAGE = YES_ERROR;
				CLANG_WARN_DOCUMENTATION_COMMENTS = YES;
				CLANG_WARN_EMPTY_BODY = YES;
				CLANG_WARN_ENUM_CONVERSION = YES;
				CLANG_WARN_INFINITE_RECURSION = YES;
				CLANG_WARN_INT_CONVERSION = YES;
				CLANG_WARN_OBJC_ROOT_CLASS = YES_ERROR;
				CLANG_WARN_SUSPICIOUS_MOVE = YES;
				CLANG_WARN_UNREACHABLE_CODE = YES;
				CLANG_WARN__DUPLICATE_METHOD_MATCH = YES;
				"CODE_SIGN_IDENTITY[sdk=iphoneos*]" = "iPhone Developer";
				COPY_PHASE_STRIP = NO;
				DEBUG_INFORMATION_FORMAT = dwarf;
				ENABLE_STRICT_OBJC_MSGSEND = YES;
				ENABLE_TESTABILITY = YES;
				GCC_C_LANGUAGE_STANDARD = gnu99;
				GCC_DYNAMIC_NO_PIC = NO;
				GCC_NO_COMMON_BLOCKS = YES;
				GCC_OPTIMIZATION_LEVEL = 0;
				GCC_PREPROCESSOR_DEFINITIONS = (
					"DEBUG=1",
					"$(inherited)",
				);
				GCC_WARN_64_TO_32_BIT_CONVERSION = YES;
				GCC_WARN_ABOUT_RETURN_TYPE = YES_ERROR;
				GCC_WARN_UNDECLARED_SELECTOR = YES;
				GCC_WARN_UNINITIALIZED_AUTOS = YES_AGGRESSIVE;
				GCC_WARN_UNUSED_FUNCTION = YES;
				GCC_WARN_UNUSED_VARIABLE = YES;
				IPHONEOS_DEPLOYMENT_TARGET = 10.3;
				MTL_ENABLE_DEBUG_INFO = YES;
				ONLY_ACTIVE_ARCH = YES;
				SDKROOT = iphoneos;
			};
			name = Debug;
		};
		114425291EEC2958007C261A /* Release */ = {
			isa = XCBuildConfiguration;
			buildSettings = {
				ALWAYS_SEARCH_USER_PATHS = NO;
				CLANG_ANALYZER_NONNULL = YES;
				CLANG_ANALYZER_NUMBER_OBJECT_CONVERSION = YES_AGGRESSIVE;
				CLANG_CXX_LANGUAGE_STANDARD = "gnu++0x";
				CLANG_CXX_LIBRARY = "libc++";
				CLANG_ENABLE_MODULES = YES;
				CLANG_ENABLE_OBJC_ARC = YES;
				CLANG_WARN_BOOL_CONVERSION = YES;
				CLANG_WARN_CONSTANT_CONVERSION = YES;
				CLANG_WARN_DIRECT_OBJC_ISA_USAGE = YES_ERROR;
				CLANG_WARN_DOCUMENTATION_COMMENTS = YES;
				CLANG_WARN_EMPTY_BODY = YES;
				CLANG_WARN_ENUM_CONVERSION = YES;
				CLANG_WARN_INFINITE_RECURSION = YES;
				CLANG_WARN_INT_CONVERSION = YES;
				CLANG_WARN_OBJC_ROOT_CLASS = YES_ERROR;
				CLANG_WARN_SUSPICIOUS_MOVE = YES;
				CLANG_WARN_UNREACHABLE_CODE = YES;
				CLANG_WARN__DUPLICATE_METHOD_MATCH = YES;
				"CODE_SIGN_IDENTITY[sdk=iphoneos*]" = "iPhone Developer";
				COPY_PHASE_STRIP = NO;
				DEBUG_INFORMATION_FORMAT = "dwarf-with-dsym";
				ENABLE_NS_ASSERTIONS = NO;
				ENABLE_STRICT_OBJC_MSGSEND = YES;
				GCC_C_LANGUAGE_STANDARD = gnu99;
				GCC_NO_COMMON_BLOCKS = YES;
				GCC_WARN_64_TO_32_BIT_CONVERSION = YES;
				GCC_WARN_ABOUT_RETURN_TYPE = YES_ERROR;
				GCC_WARN_UNDECLARED_SELECTOR = YES;
				GCC_WARN_UNINITIALIZED_AUTOS = YES_AGGRESSIVE;
				GCC_WARN_UNUSED_FUNCTION = YES;
				GCC_WARN_UNUSED_VARIABLE = YES;
				IPHONEOS_DEPLOYMENT_TARGET = 10.3;
				MTL_ENABLE_DEBUG_INFO = NO;
				SDKROOT = iphoneos;
				VALIDATE_PRODUCT = YES;
			};
			name = Release;
		};
		1144252B1EEC2958007C261A /* Debug */ = {
			isa = XCBuildConfiguration;
			buildSettings = {
				ASSETCATALOG_COMPILER_APPICON_NAME = AppIcon;
				INFOPLIST_FILE = JavaScriptCoreTest/Info.plist;
				LD_RUNPATH_SEARCH_PATHS = "$(inherited) @executable_path/Frameworks";
				PRODUCT_BUNDLE_IDENTIFIER = net.Haimo.JavaScriptCoreTest;
				PRODUCT_NAME = "$(TARGET_NAME)";
			};
			name = Debug;
		};
		1144252C1EEC2958007C261A /* Release */ = {
			isa = XCBuildConfiguration;
			buildSettings = {
				ASSETCATALOG_COMPILER_APPICON_NAME = AppIcon;
				INFOPLIST_FILE = JavaScriptCoreTest/Info.plist;
				LD_RUNPATH_SEARCH_PATHS = "$(inherited) @executable_path/Frameworks";
				PRODUCT_BUNDLE_IDENTIFIER = net.Haimo.JavaScriptCoreTest;
				PRODUCT_NAME = "$(TARGET_NAME)";
			};
			name = Release;
		};
/* End XCBuildConfiguration section */

/* Begin XCConfigurationList section */
		1144250E1EEC2958007C261A /* Build configuration list for PBXProject "JavaScriptCoreTest" */ = {
			isa = XCConfigurationList;
			buildConfigurations = (
				114425281EEC2958007C261A /* Debug */,
				114425291EEC2958007C261A /* Release */,
			);
			defaultConfigurationIsVisible = 0;
			defaultConfigurationName = Release;
		};
		1144252A1EEC2958007C261A /* Build configuration list for PBXNativeTarget "JavaScriptCoreTest" */ = {
			isa = XCConfigurationList;
			buildConfigurations = (
				1144252B1EEC2958007C261A /* Debug */,
				1144252C1EEC2958007C261A /* Release */,
			);
			defaultConfigurationIsVisible = 0;
		};
/* End XCConfigurationList section */
	};
	rootObject = 1144250B1EEC2958007C261A /* Project object */;
}
